
Microsoft Visual Studio Solution File, Format Version 12.00
# Visual Studio Version 17
VisualStudioVersion = 17.8.34316.72
MinimumVisualStudioVersion = 10.0.40219.1
Project("{9A19103F-16F7-4668-BE54-9A1E7A4F7556}") = "EcommerceApp.Server", "EcommerceApp\Server\EcommerceApp.Server.csproj", "{02827A71-65C0-4A63-B032-400F79CAD2A9}"
EndProject
Project("{9A19103F-16F7-4668-BE54-9A1E7A4F7556}") = "EcommerceApp.Client", "EcommerceApp\Client\EcommerceApp.Client.csproj", "{208FC651-D2C5-45AA-9071-0D63CD01BCF4}"
EndProject
Project("{9A19103F-16F7-4668-BE54-9A1E7A4F7556}") = "EcommerceApp.Shared", "EcommerceApp\Shared\EcommerceApp.Shared.csproj", "{8FDA9035-5F4E-448F-BE52-9A93F2A40D9B}"
EndProject
Global
	GlobalSection(SolutionConfigurationPlatforms) = preSolution
		Debug|Any CPU = Debug|Any CPU
		Release|Any CPU = Release|Any CPU
	EndGlobalSection
	GlobalSection(ProjectConfigurationPlatforms) = postSolution
		{02827A71-65C0-4A63-B032-400F79CAD2A9}.Debug|Any CPU.ActiveCfg = Debug|Any CPU
		{02827A71-65C0-4A63-B032-400F79CAD2A9}.Debug|Any CPU.Build.0 = Debug|Any CPU
		{02827A71-65C0-4A63-B032-400F79CAD2A9}.Release|Any CPU.ActiveCfg = Release|Any CPU
		{02827A71-65C0-4A63-B032-400F79CAD2A9}.Release|Any CPU.Build.0 = Release|Any CPU
		{208FC651-D2C5-45AA-9071-0D63CD01BCF4}.Debug|Any CPU.ActiveCfg = Debug|Any CPU
		{208FC651-D2C5-45AA-9071-0D63CD01BCF4}.Debug|Any CPU.Build.0 = Debug|Any CPU
		{208FC651-D2C5-45AA-9071-0D63CD01BCF4}.Release|Any CPU.ActiveCfg = Release|Any CPU
		{208FC651-D2C5-45AA-9071-0D63CD01BCF4}.Release|Any CPU.Build.0 = Release|Any CPU
		{8FDA9035-5F4E-448F-BE52-9A93F2A40D9B}.Debug|Any CPU.ActiveCfg = Debug|Any CPU
		{8FDA9035-5F4E-448F-BE52-9A93F2A40D9B}.Debug|Any CPU.Build.0 = Debug|Any CPU
		{8FDA9035-5F4E-448F-BE52-9A93F2A40D9B}.Release|Any CPU.ActiveCfg = Release|Any CPU
		{8FDA9035-5F4E-448F-BE52-9A93F2A40D9B}.Release|Any CPU.Build.0 = Release|Any CPU
	EndGlobalSection
	GlobalSection(SolutionProperties) = preSolution
		HideSolutionNode = FALSE
	EndGlobalSection
	GlobalSection(ExtensibilityGlobals) = postSolution
		SolutionGuid = {0BF8E518-183F-420B-85F8-33ACB1377299}
	EndGlobalSection
EndGlobal
